
Microsoft Visual Studio Solution File, Format Version 12.00
# Visual Studio Version 16
VisualStudioVersion = 16.0.30225.117
MinimumVisualStudioVersion = 10.0.40219.1
Project("{8BC9CEB8-8B4A-11D0-8D11-00A0C91BC942}") = "Aug_14-2", "Aug_14-2\Aug_14-2.vcxproj", "{3BE45652-F735-4D8A-98F9-C1435DF6030B}"
EndProject
Project("{8BC9CEB8-8B4A-11D0-8D11-00A0C91BC942}") = "Aug_14-3", "Aug_14-3\Aug_14-3.vcxproj", "{13E06948-E6C8-4873-971A-108FAF20DD0C}"
EndProject
Global
	GlobalSection(SolutionConfigurationPlatforms) = preSolution
		Debug|x64 = Debug|x64
		Debug|x86 = Debug|x86
		Release|x64 = Release|x64
		Release|x86 = Release|x86
	EndGlobalSection
	GlobalSection(ProjectConfigurationPlatforms) = postSolution
		{3BE45652-F735-4D8A-98F9-C1435DF6030B}.Debug|x64.ActiveCfg = Debug|x64
		{3BE45652-F735-4D8A-98F9-C1435DF6030B}.Debug|x64.Build.0 = Debug|x64
		{3BE45652-F735-4D8A-98F9-C1435DF6030B}.Debug|x86.ActiveCfg = Debug|Win32
		{3BE45652-F735-4D8A-98F9-C1435DF6030B}.Debug|x86.Build.0 = Debug|Win32
		{3BE45652-F735-4D8A-98F9-C1435DF6030B}.Release|x64.ActiveCfg = Release|x64
		{3BE45652-F735-4D8A-98F9-C1435DF6030B}.Release|x64.Build.0 = Release|x64
		{3BE45652-F735-4D8A-98F9-C1435DF6030B}.Release|x86.ActiveCfg = Release|Win32
		{3BE45652-F735-4D8A-98F9-C1435DF6030B}.Release|x86.Build.0 = Release|Win32
		{13E06948-E6C8-4873-971A-108FAF20DD0C}.Debug|x64.ActiveCfg = Debug|x64
		{13E06948-E6C8-4873-971A-108FAF20DD0C}.Debug|x64.Build.0 = Debug|x64
		{13E06948-E6C8-4873-971A-108FAF20DD0C}.Debug|x86.ActiveCfg = Debug|Win32
		{13E06948-E6C8-4873-971A-108FAF20DD0C}.Debug|x86.Build.0 = Debug|Win32
		{13E06948-E6C8-4873-971A-108FAF20DD0C}.Release|x64.ActiveCfg = Release|x64
		{13E06948-E6C8-4873-971A-108FAF20DD0C}.Release|x64.Build.0 = Release|x64
		{13E06948-E6C8-4873-971A-108FAF20DD0C}.Release|x86.ActiveCfg = Release|Win32
		{13E06948-E6C8-4873-971A-108FAF20DD0C}.Release|x86.Build.0 = Release|Win32
	EndGlobalSection
	GlobalSection(SolutionProperties) = preSolution
		HideSolutionNode = FALSE
	EndGlobalSection
	GlobalSection(ExtensibilityGlobals) = postSolution
		SolutionGuid = {B90CE1E3-CA27-43AB-997F-67604F59F1D7}
	EndGlobalSection
EndGlobal
